
Microsoft Visual Studio Solution File, Format Version 12.00
# Visual Studio Version 17
VisualStudioVersion = 17.5.33516.290
MinimumVisualStudioVersion = 10.0.40219.1
Project("{FAE04EC0-301F-11D3-BF4B-00C04F79EFBC}") = "UdpQuotaGenerator", "UdpQuotaGenerator\UdpQuotaGenerator.csproj", "{5FD7B784-53DC-4E37-AF39-3727EE32D1FB}"
EndProject
Global
	GlobalSection(SolutionConfigurationPlatforms) = preSolution
		Debug|Any CPU = Debug|Any CPU
		Release|Any CPU = Release|Any CPU
	EndGlobalSection
	GlobalSection(ProjectConfigurationPlatforms) = postSolution
		{5FD7B784-53DC-4E37-AF39-3727EE32D1FB}.Debug|Any CPU.ActiveCfg = Debug|Any CPU
		{5FD7B784-53DC-4E37-AF39-3727EE32D1FB}.Debug|Any CPU.Build.0 = Debug|Any CPU
		{5FD7B784-53DC-4E37-AF39-3727EE32D1FB}.Release|Any CPU.ActiveCfg = Release|Any CPU
		{5FD7B784-53DC-4E37-AF39-3727EE32D1FB}.Release|Any CPU.Build.0 = Release|Any CPU
	EndGlobalSection
	GlobalSection(SolutionProperties) = preSolution
		HideSolutionNode = FALSE
	EndGlobalSection
	GlobalSection(ExtensibilityGlobals) = postSolution
		SolutionGuid = {63AB93F0-C1ED-4D34-8E95-ED3DB0E58DFC}
	EndGlobalSection
EndGlobal
